<?xml version="1.0" encoding="utf-8"?>
<Project ToolsVersion="4.0" xmlns="http://schemas.microsoft.com/developer/msbuild/2003">
  <ItemGroup>
    <Filter Include="Source Files">
      <UniqueIdentifier>{4FC737F1-C7A5-4376-A066-2A32D752A2FF}</UniqueIdentifier>
      <Extensions>cpp;c;cc;cxx;def;odl;idl;hpj;bat;asm;asmx</Extensions>
    </Filter>
    <Filter Include="Header Files">
      <UniqueIdentifier>{93995380-89BD-4b04-88EB-625FBE52EBFB}</UniqueIdentifier>
      <Extensions>h;hh;hpp;hxx;hm;inl;inc;ipp;xsd</Extensions>
    </Filter>
    <Filter Include="Resource Files">
      <UniqueIdentifier>{67DA6AB6-F800-4c08-8B7A-83BB121AAD01}</UniqueIdentifier>
      <Extensions>rc;ico;cur;bmp;dlg;rc2;rct;bin;rgs;gif;jpg;jpeg;jpe;resx;tiff;tif;png;wav;mfcribbon-ms</Extensions>
    </Filter>
    <Filter Include="doc">
      <UniqueIdentifier>{1930b5e1-6aee-4243-bcde-970785c00103}</UniqueIdentifier>
    </Filter>
    <Filter Include="Resource Files\images">
      <UniqueIdentifier>{1b8e18b9-7650-4aad-a037-d97507a40cc1}</UniqueIdentifier>
    </Filter>
    <Filter Include="Resource Files\music">
      <UniqueIdentifier>{b1db68c1-44a8-42c8-a120-5d177c1a84ac}</UniqueIdentifier>
    </Filter>
    <Filter Include="Resource Files\maps">
      <UniqueIdentifier>{b557ec4c-9e31-4b8a-b824-9a74be94fbde}</UniqueIdentifier>
    </Filter>
    <Filter Include="shaders">
      <UniqueIdentifier>{14fadd4f-2de9-498e-bc59-fb2fe0008f2c}</UniqueIdentifier>
    </Filter>
    <Filter Include="scripts">
      <UniqueIdentifier>{b89d0b09-e2c3-49cd-a6d6-7b2ebb9f7588}</UniqueIdentifier>
    </Filter>
  </ItemGroup>
  <ItemGroup>
    <ClCompile Include="src\main.cpp">
      <Filter>Source Files</Filter>
    </ClCompile>
    <ClCompile Include="src\Engine.cpp">
      <Filter>Source Files</Filter>
    </ClCompile>
    <ClCompile Include="src\GraphicAssets.cpp">
      <Filter>Source Files</Filter>
    </ClCompile>
    <ClCompile Include="src\Texture.cpp">
      <Filter>Source Files</Filter>
    </ClCompile>
    <ClCompile Include="src\Defines.cpp">
      <Filter>Source Files</Filter>
    </ClCompile>
    <ClCompile Include="src\Music.cpp">
      <Filter>Source Files</Filter>
    </ClCompile>
    <ClCompile Include="src\ShaderLoader.cpp">
      <Filter>Source Files</Filter>
    </ClCompile>
    <ClCompile Include="src\MainMenu.cpp">
      <Filter>Source Files</Filter>
    </ClCompile>
    <ClCompile Include="src\GameManager.cpp">
      <Filter>Source Files</Filter>
    </ClCompile>
    <ClCompile Include="src\TiledMap.cpp">
      <Filter>Source Files</Filter>
    </ClCompile>
    <ClCompile Include="src\XMLHelper.cpp">
      <Filter>Source Files</Filter>
    </ClCompile>
    <ClCompile Include="src\Animation.cpp">
      <Filter>Source Files</Filter>
    </ClCompile>
    <ClCompile Include="src\MainGame.cpp">
      <Filter>Source Files</Filter>
    </ClCompile>
    <ClCompile Include="src\GameObject.cpp">
      <Filter>Source Files</Filter>
    </ClCompile>
    <ClCompile Include="src\Player.cpp">
      <Filter>Source Files</Filter>
    </ClCompile>
    <ClCompile Include="src\GUIElement.cpp">
      <Filter>Source Files</Filter>
    </ClCompile>
    <ClCompile Include="src\MainMenuButton.cpp">
      <Filter>Source Files</Filter>
    </ClCompile>
    <ClCompile Include="src\FontAssets.cpp">
      <Filter>Source Files</Filter>
    </ClCompile>
    <ClCompile Include="src\TextFont.cpp">
      <Filter>Source Files</Filter>
    </ClCompile>
    <ClCompile Include="src\LuaHandler.cpp">
      <Filter>Source Files</Filter>
    </ClCompile>
  </ItemGroup>
  <ItemGroup>
    <None Include=".gitignore" />
    <None Include=".gitattributes" />
    <None Include="res\fgas.aps">
      <Filter>Resource Files</Filter>
    </None>
    <None Include="LICENSE">
      <Filter>doc</Filter>
    </None>
    <None Include="README.md">
      <Filter>doc</Filter>
    </None>
    <None Include="res\music\ex-aws_cave.xm">
      <Filter>Resource Files\music</Filter>
    </None>
    <None Include="res\music\menu-music.ogg">
      <Filter>Resource Files\music</Filter>
    </None>
    <None Include="res\images\logo-title.svg">
      <Filter>Resource Files\images</Filter>
    </None>
    <None Include="res\images\spritesheet.tsx">
      <Filter>Resource Files\images</Filter>
    </None>
    <None Include="res\images\mm_background.tmx">
      <Filter>Resource Files\maps</Filter>
    </None>
    <None Include="res\images\mm-gui-controlls.pyxel">
      <Filter>Resource Files\images</Filter>
    </None>
    <None Include="res\images\mm-gui-button.pyxel">
      <Filter>Resource Files\images</Filter>
    </None>
    <None Include="res\scripts\script.lua">
      <Filter>scripts</Filter>
    </None>
    <None Include="res\shaders\frag.glsl">
      <Filter>shaders</Filter>
    </None>
    <None Include="res\shaders\vert.glsl">
      <Filter>shaders</Filter>
    </None>
  </ItemGroup>
  <ItemGroup>
    <ClInclude Include="src\Engine.h">
      <Filter>Header Files</Filter>
    </ClInclude>
    <ClInclude Include="res\resource.h">
      <Filter>Header Files</Filter>
    </ClInclude>
    <ClInclude Include="src\GraphicAssets.h">
      <Filter>Header Files</Filter>
    </ClInclude>
    <ClInclude Include="src\Texture.h">
      <Filter>Header Files</Filter>
    </ClInclude>
    <ClInclude Include="src\Defines.h">
      <Filter>Header Files</Filter>
    </ClInclude>
    <ClInclude Include="src\Music.h">
      <Filter>Header Files</Filter>
    </ClInclude>
    <ClInclude Include="src\ShaderLoader.h">
      <Filter>Header Files</Filter>
    </ClInclude>
    <ClInclude Include="src\MainMenu.h">
      <Filter>Header Files</Filter>
    </ClInclude>
    <ClInclude Include="src\GameManager.h">
      <Filter>Header Files</Filter>
    </ClInclude>
    <ClInclude Include="src\TiledMap.h">
      <Filter>Header Files</Filter>
    </ClInclude>
    <ClInclude Include="src\XMLHelper.h">
      <Filter>Header Files</Filter>
    </ClInclude>
    <ClInclude Include="src\Animation.h">
      <Filter>Header Files</Filter>
    </ClInclude>
    <ClInclude Include="src\MainGame.h">
      <Filter>Header Files</Filter>
    </ClInclude>
    <ClInclude Include="src\GameObject.h">
      <Filter>Header Files</Filter>
    </ClInclude>
    <ClInclude Include="src\Player.h">
      <Filter>Header Files</Filter>
    </ClInclude>
    <ClInclude Include="src\GUIElement.h">
      <Filter>Header Files</Filter>
    </ClInclude>
    <ClInclude Include="src\MainMenuButton.h">
      <Filter>Header Files</Filter>
    </ClInclude>
    <ClInclude Include="src\FontAssets.h">
      <Filter>Header Files</Filter>
    </ClInclude>
    <ClInclude Include="src\TextFont.h">
      <Filter>Header Files</Filter>
    </ClInclude>
    <ClInclude Include="src\LuaHandler.h">
      <Filter>Header Files</Filter>
    </ClInclude>
  </ItemGroup>
  <ItemGroup>
    <Image Include="res\images\background.png">
      <Filter>Resource Files\images</Filter>
    </Image>
    <Image Include="res\images\logo-title.png">
      <Filter>Resource Files\images</Filter>
    </Image>
    <Image Include="res\images\mouse_cursor.png">
      <Filter>Resource Files\images</Filter>
    </Image>
    <Image Include="res\icon.ico">
      <Filter>Resource Files\images</Filter>
    </Image>
    <Image Include="res\images\mm-gui-button.png">
      <Filter>Resource Files\images</Filter>
    </Image>
    <Image Include="res\images\spritesheet.png">
      <Filter>Resource Files\images</Filter>
    </Image>
    <Image Include="res\images\mm-gui-controlls.png">
      <Filter>Resource Files\images</Filter>
    </Image>
  </ItemGroup>
  <ItemGroup>
    <ResourceCompile Include="res\fgas.rc">
      <Filter>Resource Files</Filter>
    </ResourceCompile>
  </ItemGroup>
</Project>